
Microsoft Visual Studio Solution File, Format Version 12.00
# Visual Studio Version 16
VisualStudioVersion = 16.0.808.6
MinimumVisualStudioVersion = 10.0.40219.1
Project("{FAE04EC0-301F-11D3-BF4B-00C04F79EFBC}") = "FirstASPNetCoreWebsite", "FirstASPNetCoreWebsite.csproj", "{CF9A2784-D089-4C7D-8E82-0EC9B46B4A4B}"
EndProject
Global
	GlobalSection(SolutionConfigurationPlatforms) = preSolution
		Debug|Any CPU = Debug|Any CPU
		Release|Any CPU = Release|Any CPU
	EndGlobalSection
	GlobalSection(ProjectConfigurationPlatforms) = postSolution
		{CF9A2784-D089-4C7D-8E82-0EC9B46B4A4B}.Debug|Any CPU.ActiveCfg = Debug|Any CPU
		{CF9A2784-D089-4C7D-8E82-0EC9B46B4A4B}.Debug|Any CPU.Build.0 = Debug|Any CPU
		{CF9A2784-D089-4C7D-8E82-0EC9B46B4A4B}.Release|Any CPU.ActiveCfg = Release|Any CPU
		{CF9A2784-D089-4C7D-8E82-0EC9B46B4A4B}.Release|Any CPU.Build.0 = Release|Any CPU
	EndGlobalSection
	GlobalSection(SolutionProperties) = preSolution
		HideSolutionNode = FALSE
	EndGlobalSection
	GlobalSection(ExtensibilityGlobals) = postSolution
		SolutionGuid = {3B09CAB4-F59D-4EA7-BAA6-8DDA4CCDB9EB}
	EndGlobalSection
EndGlobal
